
Microsoft Visual Studio Solution File, Format Version 12.00
# Visual Studio 15
VisualStudioVersion = 15.0.26430.16
MinimumVisualStudioVersion = 10.0.40219.1
Project("{8BC9CEB8-8B4A-11D0-8D11-00A0C91BC942}") = "pyctpmdapi", "pyctpmdapi\pyctpmdapi.vcxproj", "{A00A57FD-4DFF-454E-9A84-6F0A7E779DBD}"
EndProject
Project("{8BC9CEB8-8B4A-11D0-8D11-00A0C91BC942}") = "ctpmdapi", "ctpmdapi\ctpmdapi.vcxproj", "{350370A7-2C45-46AE-9408-66CD06B16D70}"
EndProject
Global
	GlobalSection(SolutionConfigurationPlatforms) = preSolution
		Debug|x64 = Debug|x64
		Debug|x86 = Debug|x86
		Release|x64 = Release|x64
		Release|x86 = Release|x86
	EndGlobalSection
	GlobalSection(ProjectConfigurationPlatforms) = postSolution
		{A00A57FD-4DFF-454E-9A84-6F0A7E779DBD}.Debug|x64.ActiveCfg = Debug|x64
		{A00A57FD-4DFF-454E-9A84-6F0A7E779DBD}.Debug|x64.Build.0 = Debug|x64
		{A00A57FD-4DFF-454E-9A84-6F0A7E779DBD}.Debug|x86.ActiveCfg = Debug|Win32
		{A00A57FD-4DFF-454E-9A84-6F0A7E779DBD}.Debug|x86.Build.0 = Debug|Win32
		{A00A57FD-4DFF-454E-9A84-6F0A7E779DBD}.Release|x64.ActiveCfg = Release|x64
		{A00A57FD-4DFF-454E-9A84-6F0A7E779DBD}.Release|x64.Build.0 = Release|x64
		{A00A57FD-4DFF-454E-9A84-6F0A7E779DBD}.Release|x86.ActiveCfg = Release|Win32
		{A00A57FD-4DFF-454E-9A84-6F0A7E779DBD}.Release|x86.Build.0 = Release|Win32
		{350370A7-2C45-46AE-9408-66CD06B16D70}.Debug|x64.ActiveCfg = Debug|x64
		{350370A7-2C45-46AE-9408-66CD06B16D70}.Debug|x64.Build.0 = Debug|x64
		{350370A7-2C45-46AE-9408-66CD06B16D70}.Debug|x86.ActiveCfg = Debug|Win32
		{350370A7-2C45-46AE-9408-66CD06B16D70}.Debug|x86.Build.0 = Debug|Win32
		{350370A7-2C45-46AE-9408-66CD06B16D70}.Release|x64.ActiveCfg = Release|x64
		{350370A7-2C45-46AE-9408-66CD06B16D70}.Release|x64.Build.0 = Release|x64
		{350370A7-2C45-46AE-9408-66CD06B16D70}.Release|x86.ActiveCfg = Release|Win32
		{350370A7-2C45-46AE-9408-66CD06B16D70}.Release|x86.Build.0 = Release|Win32
	EndGlobalSection
	GlobalSection(SolutionProperties) = preSolution
		HideSolutionNode = FALSE
	EndGlobalSection
EndGlobal
